# This file was autogenerated by Stack.
# You should not edit this file by hand.
# For more information, please see the documentation at:
#   https://docs.haskellstack.org/en/stable/lock_files

packages:
- completed:
    hackage: HUnit-1.6.1.0@sha256:b1d855377268ec3d4fae549d95249be66b87382d7f9e2718dbf0bbd0231564dd,1690
    pantry-tree:
      size: 878
      sha256: d585b55417e21519fecac3fe24ea47f052ef7f32c661409eea7e871c56356a05
  original:
    hackage: HUnit-1.6.1.0@sha256:b1d855377268ec3d4fae549d95249be66b87382d7f9e2718dbf0bbd0231564dd,1690
snapshots:
- completed:
    size: 585817
    url: https://raw.githubusercontent.com/commercialhaskell/stackage-snapshots/master/lts/18/5.yaml
    sha256: 22d24d0dacad9c1450b9a174c28d203f9bb482a2a8da9710a2f2a9f4afee2887
  original:
    url: https://raw.githubusercontent.com/commercialhaskell/stackage-snapshots/master/lts/18/5.yaml
